<?xml version="1.0" encoding="utf-8"?>
<Project ToolsVersion="4.0" xmlns="http://schemas.microsoft.com/developer/msbuild/2003">
  <ItemGroup>
    <Filter Include="Resource Files">
      <UniqueIdentifier>{D9D6E242-F8AF-46E4-B9FD-80ECBC20BA3E}</UniqueIdentifier>
      <Extensions>qrc;*</Extensions>
      <ParseFiles>false</ParseFiles>
    </Filter>
    <Filter Include="Generated Files">
      <UniqueIdentifier>{71ED8ED8-ACB9-4CE9-BBE1-E00B30144E11}</UniqueIdentifier>
      <Extensions>moc;h;cpp</Extensions>
      <SourceControlFiles>False</SourceControlFiles>
    </Filter>
    <Filter Include="UnitTests">
      <UniqueIdentifier>{286b19f8-0743-4450-86e2-04658f9b4cd1}</UniqueIdentifier>
    </Filter>
    <Filter Include="Source Files">
      <UniqueIdentifier>{f5183932-0a5e-402d-92b1-b1dd6089f530}</UniqueIdentifier>
    </Filter>
    <Filter Include="Source Files\Command">
      <UniqueIdentifier>{d92822cd-55a0-4d52-90e8-28b639091a31}</UniqueIdentifier>
    </Filter>
    <Filter Include="Source Files\Component">
      <UniqueIdentifier>{f6f8428c-2466-4b7a-b48d-4b2f7b04e71b}</UniqueIdentifier>
    </Filter>
    <Filter Include="Source Files\TextUI">
      <UniqueIdentifier>{8061555d-2b18-48d9-a8bc-ad857472f94b}</UniqueIdentifier>
    </Filter>
    <Filter Include="Source Files\GUI">
      <UniqueIdentifier>{f4054623-702e-4abd-bee1-8da0857a33d2}</UniqueIdentifier>
    </Filter>
    <Filter Include="Header Files">
      <UniqueIdentifier>{6d5f0bdd-3f93-4758-9052-80ba8acabd31}</UniqueIdentifier>
    </Filter>
    <Filter Include="Generated Files\Debug">
      <UniqueIdentifier>{9d86ed32-6764-4277-a758-361580af5b62}</UniqueIdentifier>
      <Extensions>cpp;moc</Extensions>
      <SourceControlFiles>False</SourceControlFiles>
    </Filter>
    <Filter Include="Generated Files\Release">
      <UniqueIdentifier>{21d8b404-f4ea-4b7b-a857-ad122ec7a7c5}</UniqueIdentifier>
      <Extensions>cpp;moc</Extensions>
      <SourceControlFiles>False</SourceControlFiles>
    </Filter>
  </ItemGroup>
  <ItemGroup>
    <ClCompile Include="ChangeParentCommandTest.cpp">
      <Filter>UnitTests</Filter>
    </ClCompile>
    <ClCompile Include="CommandManagerTest.cpp">
      <Filter>UnitTests</Filter>
    </ClCompile>
    <ClCompile Include="ComponentFactoryTest.cpp">
      <Filter>UnitTests</Filter>
    </ClCompile>
    <ClCompile Include="ComponentTest.cpp">
      <Filter>UnitTests</Filter>
    </ClCompile>
    <ClCompile Include="CompositeTest.cpp">
      <Filter>UnitTests</Filter>
    </ClCompile>
    <ClCompile Include="DeleteComponentCommandTest.cpp">
      <Filter>UnitTests</Filter>
    </ClCompile>
    <ClCompile Include="EditComponentCommandTest.cpp">
      <Filter>UnitTests</Filter>
    </ClCompile>
    <ClCompile Include="InsertChildCommandTest.cpp">
      <Filter>UnitTests</Filter>
    </ClCompile>
    <ClCompile Include="InsertParentCommandTest.cpp">
      <Filter>UnitTests</Filter>
    </ClCompile>
    <ClCompile Include="InsertSiblingCommandTest.cpp">
      <Filter>UnitTests</Filter>
    </ClCompile>
    <ClCompile Include="IntegrationTest.cpp">
      <Filter>UnitTests</Filter>
    </ClCompile>
    <ClCompile Include="MindMapModelTest.cpp">
      <Filter>UnitTests</Filter>
    </ClCompile>
    <ClCompile Include="NodeTest.cpp">
      <Filter>UnitTests</Filter>
    </ClCompile>
    <ClCompile Include="RootTest.cpp">
      <Filter>UnitTests</Filter>
    </ClCompile>
    <ClCompile Include="Source.cpp">
      <Filter>UnitTests</Filter>
    </ClCompile>
    <ClCompile Include="..\MindMap\MindMapModel.cpp">
      <Filter>Source Files</Filter>
    </ClCompile>
    <ClCompile Include="..\MindMap\Observer.cpp">
      <Filter>Source Files</Filter>
    </ClCompile>
    <ClCompile Include="..\MindMap\Subject.cpp">
      <Filter>Source Files</Filter>
    </ClCompile>
    <ClCompile Include="..\MindMap\ChangeParentCommand.cpp">
      <Filter>Source Files\Command</Filter>
    </ClCompile>
    <ClCompile Include="..\MindMap\Command.cpp">
      <Filter>Source Files\Command</Filter>
    </ClCompile>
    <ClCompile Include="..\MindMap\CommandManager.cpp">
      <Filter>Source Files\Command</Filter>
    </ClCompile>
    <ClCompile Include="..\MindMap\DeleteComponentCommand.cpp">
      <Filter>Source Files\Command</Filter>
    </ClCompile>
    <ClCompile Include="..\MindMap\EditComponentCommand.cpp">
      <Filter>Source Files\Command</Filter>
    </ClCompile>
    <ClCompile Include="..\MindMap\InsertChildCommand.cpp">
      <Filter>Source Files\Command</Filter>
    </ClCompile>
    <ClCompile Include="..\MindMap\InsertParentCommand.cpp">
      <Filter>Source Files\Command</Filter>
    </ClCompile>
    <ClCompile Include="..\MindMap\InsertSiblingCommand.cpp">
      <Filter>Source Files\Command</Filter>
    </ClCompile>
    <ClCompile Include="..\MindMap\Component.cpp">
      <Filter>Source Files\Component</Filter>
    </ClCompile>
    <ClCompile Include="..\MindMap\ComponentFactory.cpp">
      <Filter>Source Files\Component</Filter>
    </ClCompile>
    <ClCompile Include="..\MindMap\Composite.cpp">
      <Filter>Source Files\Component</Filter>
    </ClCompile>
    <ClCompile Include="..\MindMap\Node.cpp">
      <Filter>Source Files\Component</Filter>
    </ClCompile>
    <ClCompile Include="..\MindMap\Root.cpp">
      <Filter>Source Files\Component</Filter>
    </ClCompile>
    <ClCompile Include="..\MindMap\TextUIPresentationModel.cpp">
      <Filter>Source Files\TextUI</Filter>
    </ClCompile>
    <ClCompile Include="..\MindMap\GUIPresentationModel.cpp">
      <Filter>Source Files\GUI</Filter>
    </ClCompile>
    <ClCompile Include="GeneratedFiles\Debug\moc_GraphicComponentItem.cpp">
      <Filter>Generated Files\Debug</Filter>
    </ClCompile>
    <ClCompile Include="GeneratedFiles\Release\moc_GraphicComponentItem.cpp">
      <Filter>Generated Files\Release</Filter>
    </ClCompile>
    <ClCompile Include="GeneratedFiles\Debug\moc_MindMapGUIScene.cpp">
      <Filter>Generated Files\Debug</Filter>
    </ClCompile>
    <ClCompile Include="GeneratedFiles\Release\moc_MindMapGUIScene.cpp">
      <Filter>Generated Files\Release</Filter>
    </ClCompile>
    <ClCompile Include="TextUIPresentationModelTest.cpp">
      <Filter>UnitTests</Filter>
    </ClCompile>
    <ClCompile Include="GUIPresentationModelTest.cpp">
      <Filter>UnitTests</Filter>
    </ClCompile>
    <ClCompile Include="SubjectTest.cpp">
      <Filter>UnitTests</Filter>
    </ClCompile>
    <ClCompile Include="..\MindMap\GraphicComponentItem.cpp">
      <Filter>Source Files\GUI</Filter>
    </ClCompile>
    <ClCompile Include="..\MindMap\MindMapGUIScene.cpp">
      <Filter>Source Files\GUI</Filter>
    </ClCompile>
    <ClCompile Include="..\MindMap\PasteNodeCommand.cpp">
      <Filter>Source Files\Command</Filter>
    </ClCompile>
    <ClCompile Include="..\MindMap\CutNodeCommand.cpp">
      <Filter>Source Files\Command</Filter>
    </ClCompile>
    <ClCompile Include="CutNodeCommandTest.cpp">
      <Filter>UnitTests</Filter>
    </ClCompile>
    <ClCompile Include="PasteNodeCommandTest.cpp">
      <Filter>UnitTests</Filter>
    </ClCompile>
    <ClCompile Include="..\MindMap\Decorator.cpp">
      <Filter>Source Files</Filter>
    </ClCompile>
    <ClCompile Include="..\MindMap\Circle.cpp">
      <Filter>Source Files</Filter>
    </ClCompile>
    <ClCompile Include="..\MindMap\Rectangle.cpp">
      <Filter>Source Files</Filter>
    </ClCompile>
    <ClCompile Include="..\MindMap\AddDecoratorCommand.cpp">
      <Filter>Source Files\Command</Filter>
    </ClCompile>
    <ClCompile Include="..\MindMap\ClearDecoratorCommand.cpp">
      <Filter>Source Files\Command</Filter>
    </ClCompile>
  </ItemGroup>
  <ItemGroup>
    <CustomBuild Include="..\MindMap\GraphicComponentItem.h">
      <Filter>Header Files</Filter>
    </CustomBuild>
    <CustomBuild Include="..\MindMap\MindMapGUIScene.h">
      <Filter>Header Files</Filter>
    </CustomBuild>
  </ItemGroup>
  <ItemGroup>
    <ClInclude Include="..\MindMap\Node.h">
      <Filter>Header Files</Filter>
    </ClInclude>
    <ClInclude Include="..\MindMap\Root.h">
      <Filter>Header Files</Filter>
    </ClInclude>
  </ItemGroup>
</Project>