<?xml version="1.0" encoding="utf-8"?>
<Project ToolsVersion="4.0" xmlns="http://schemas.microsoft.com/developer/msbuild/2003">
  <ItemGroup>
    <Filter Include="原始程式檔">
      <UniqueIdentifier>{4FC737F1-C7A5-4376-A066-2A32D752A2FF}</UniqueIdentifier>
      <Extensions>cpp;c;cc;cxx;def;odl;idl;hpj;bat;asm;asmx</Extensions>
    </Filter>
    <Filter Include="標頭檔">
      <UniqueIdentifier>{93995380-89BD-4b04-88EB-625FBE52EBFB}</UniqueIdentifier>
      <Extensions>h;hh;hpp;hxx;hm;inl;inc;xsd</Extensions>
    </Filter>
    <Filter Include="資源檔">
      <UniqueIdentifier>{67DA6AB6-F800-4c08-8B7A-83BB121AAD01}</UniqueIdentifier>
      <Extensions>rc;ico;cur;bmp;dlg;rc2;rct;bin;rgs;gif;jpg;jpeg;jpe;resx;tiff;tif;png;wav;mfcribbon-ms</Extensions>
    </Filter>
    <Filter Include="原始程式檔\Command">
      <UniqueIdentifier>{c0b0ffa0-dd29-482c-af3b-1832b8dfa434}</UniqueIdentifier>
    </Filter>
    <Filter Include="原始程式檔\Component">
      <UniqueIdentifier>{05865c49-5122-412f-b57c-93db146c81b4}</UniqueIdentifier>
    </Filter>
    <Filter Include="原始程式檔\Model">
      <UniqueIdentifier>{f928435d-680e-4882-b7ca-1c5d1fc9b9b5}</UniqueIdentifier>
    </Filter>
    <Filter Include="原始程式檔\View">
      <UniqueIdentifier>{6edf111b-5f2c-4ef4-8e18-a7ab7d2052ec}</UniqueIdentifier>
    </Filter>
    <Filter Include="UnitTestCode">
      <UniqueIdentifier>{a2637b15-25ee-480b-9861-e54ac1095da1}</UniqueIdentifier>
    </Filter>
    <Filter Include="UnitTestCode\ComponentTest">
      <UniqueIdentifier>{b82eabc5-9281-4230-8336-3a93b258a4fa}</UniqueIdentifier>
    </Filter>
    <Filter Include="UnitTestCode\CommandTest">
      <UniqueIdentifier>{e249fd6c-03a9-44cf-9088-8d861b447586}</UniqueIdentifier>
    </Filter>
  </ItemGroup>
  <ItemGroup>
    <ClCompile Include="..\MindMap\Command.cpp">
      <Filter>原始程式檔\Command</Filter>
    </ClCompile>
    <ClCompile Include="..\MindMap\ChangeParentCommand.cpp">
      <Filter>原始程式檔\Command</Filter>
    </ClCompile>
    <ClCompile Include="..\MindMap\CommandManager.cpp">
      <Filter>原始程式檔\Command</Filter>
    </ClCompile>
    <ClCompile Include="..\MindMap\DeleteComponentCommand.cpp">
      <Filter>原始程式檔\Command</Filter>
    </ClCompile>
    <ClCompile Include="..\MindMap\EditComponentCommand.cpp">
      <Filter>原始程式檔\Command</Filter>
    </ClCompile>
    <ClCompile Include="..\MindMap\InsertChildCommand.cpp">
      <Filter>原始程式檔\Command</Filter>
    </ClCompile>
    <ClCompile Include="..\MindMap\InsertParentCommand.cpp">
      <Filter>原始程式檔\Command</Filter>
    </ClCompile>
    <ClCompile Include="..\MindMap\InsertSiblingCommand.cpp">
      <Filter>原始程式檔\Command</Filter>
    </ClCompile>
    <ClCompile Include="..\MindMap\Component.cpp">
      <Filter>原始程式檔\Component</Filter>
    </ClCompile>
    <ClCompile Include="..\MindMap\ComponentFactory.cpp">
      <Filter>原始程式檔\Component</Filter>
    </ClCompile>
    <ClCompile Include="..\MindMap\Composite.cpp">
      <Filter>原始程式檔\Component</Filter>
    </ClCompile>
    <ClCompile Include="..\MindMap\Node.cpp">
      <Filter>原始程式檔\Component</Filter>
    </ClCompile>
    <ClCompile Include="..\MindMap\Root.cpp">
      <Filter>原始程式檔\Component</Filter>
    </ClCompile>
    <ClCompile Include="..\MindMap\MindMapModel.cpp">
      <Filter>原始程式檔\Model</Filter>
    </ClCompile>
    <ClCompile Include="..\MindMap\PresentationModel.cpp">
      <Filter>原始程式檔\Model</Filter>
    </ClCompile>
    <ClCompile Include="..\MindMap\TextUIView.cpp">
      <Filter>原始程式檔\View</Filter>
    </ClCompile>
    <ClCompile Include="Source.cpp">
      <Filter>UnitTestCode</Filter>
    </ClCompile>
    <ClCompile Include="ComponentTest.cpp">
      <Filter>UnitTestCode\ComponentTest</Filter>
    </ClCompile>
    <ClCompile Include="CompositeTest.cpp">
      <Filter>UnitTestCode\ComponentTest</Filter>
    </ClCompile>
    <ClCompile Include="NodeTest.cpp">
      <Filter>UnitTestCode\ComponentTest</Filter>
    </ClCompile>
    <ClCompile Include="RootTest.cpp">
      <Filter>UnitTestCode\ComponentTest</Filter>
    </ClCompile>
    <ClCompile Include="ComponentFactoryTest.cpp">
      <Filter>UnitTestCode\ComponentTest</Filter>
    </ClCompile>
    <ClCompile Include="InsertChildCommandTest.cpp">
      <Filter>UnitTestCode\CommandTest</Filter>
    </ClCompile>
    <ClCompile Include="InsertParentCommandTest.cpp">
      <Filter>UnitTestCode\CommandTest</Filter>
    </ClCompile>
    <ClCompile Include="InsertSiblingCommandTest.cpp">
      <Filter>UnitTestCode\CommandTest</Filter>
    </ClCompile>
    <ClCompile Include="EditComponentCommandTest.cpp">
      <Filter>UnitTestCode\CommandTest</Filter>
    </ClCompile>
    <ClCompile Include="ChangeParentCommandTest.cpp">
      <Filter>UnitTestCode\CommandTest</Filter>
    </ClCompile>
    <ClCompile Include="DeleteComponentCommandTest.cpp">
      <Filter>UnitTestCode\CommandTest</Filter>
    </ClCompile>
    <ClCompile Include="CommandManagerTest.cpp">
      <Filter>UnitTestCode\CommandTest</Filter>
    </ClCompile>
    <ClCompile Include="PresentationModelTest.cpp">
      <Filter>UnitTestCode</Filter>
    </ClCompile>
    <ClCompile Include="MindMapModelTest.cpp">
      <Filter>UnitTestCode</Filter>
    </ClCompile>
    <ClCompile Include="IntegrationTest.cpp">
      <Filter>UnitTestCode</Filter>
    </ClCompile>
  </ItemGroup>
</Project>